// !$*UTF8*$!
{
	archiveVersion = 1;
	classes = {
	};
	objectVersion = 46;
	objects = {

/* Begin PBXBuildFile section */
		4F4AE252314831068139B7A1 /* Pods_Kubazar.framework in Frameworks */ = {isa = PBXBuildFile; fileRef = CF9460E9538604A3E89F69A5 /* Pods_Kubazar.framework */; };
		58B66B74F42B32395A5B26D4 /* Pods_KubazarUITests.framework in Frameworks */ = {isa = PBXBuildFile; fileRef = B5A179A604EC60815716572F /* Pods_KubazarUITests.framework */; };
		A677866B1D086EEE0057581D /* AppDelegate.swift in Sources */ = {isa = PBXBuildFile; fileRef = A677866A1D086EEE0057581D /* AppDelegate.swift */; };
		A677866D1D086EEE0057581D /* Assets.xcassets in Resources */ = {isa = PBXBuildFile; fileRef = A677866C1D086EEE0057581D /* Assets.xcassets */; };
		A67786701D086EEE0057581D /* LaunchScreen.storyboard in Resources */ = {isa = PBXBuildFile; fileRef = A677866E1D086EEE0057581D /* LaunchScreen.storyboard */; };
		A677867B1D086EEE0057581D /* KubazarTests.swift in Sources */ = {isa = PBXBuildFile; fileRef = A677867A1D086EEE0057581D /* KubazarTests.swift */; };
		A67786861D086EEE0057581D /* KubazarUITests.swift in Sources */ = {isa = PBXBuildFile; fileRef = A67786851D086EEE0057581D /* KubazarUITests.swift */; };
		F252A5C61D13007700CBDFD2 /* FBSDKCoreKit.framework in Frameworks */ = {isa = PBXBuildFile; fileRef = F252A5C51D13007700CBDFD2 /* FBSDKCoreKit.framework */; };
		F252A5C81D13008600CBDFD2 /* FBSDKLoginKit.framework in Frameworks */ = {isa = PBXBuildFile; fileRef = F252A5C71D13008600CBDFD2 /* FBSDKLoginKit.framework */; };
		F252A5CA1D13009300CBDFD2 /* FBSDKShareKit.framework in Frameworks */ = {isa = PBXBuildFile; fileRef = F252A5C91D13009300CBDFD2 /* FBSDKShareKit.framework */; };
		F252A5D11D13052000CBDFD2 /* FacebookLoginViewController.swift in Sources */ = {isa = PBXBuildFile; fileRef = F252A5CF1D13052000CBDFD2 /* FacebookLoginViewController.swift */; };
		F252A5D91D14EA6200CBDFD2 /* StartGameViewController.swift in Sources */ = {isa = PBXBuildFile; fileRef = F252A5D71D14EA6200CBDFD2 /* StartGameViewController.swift */; };
		F252A5DA1D14EA6200CBDFD2 /* StartGameViewController.xib in Resources */ = {isa = PBXBuildFile; fileRef = F252A5D81D14EA6200CBDFD2 /* StartGameViewController.xib */; };
		F25B561C1D35F0A600E4905B /* GoogleService-Info.plist in Resources */ = {isa = PBXBuildFile; fileRef = F25B561B1D35F0A600E4905B /* GoogleService-Info.plist */; };
		F27718251D40711000EBB668 /* ClientService.swift in Sources */ = {isa = PBXBuildFile; fileRef = F27718241D40711000EBB668 /* ClientService.swift */; };
		F27718271D41CC7800EBB668 /* Alerts.swift in Sources */ = {isa = PBXBuildFile; fileRef = F27718261D41CC7800EBB668 /* Alerts.swift */; };
		F27718291D41E0B100EBB668 /* User.swift in Sources */ = {isa = PBXBuildFile; fileRef = F27718281D41E0B100EBB668 /* User.swift */; };
		F2BF11921D57B1C300788E1D /* ActiveHaikusTableViewCell.swift in Sources */ = {isa = PBXBuildFile; fileRef = F2BF11901D57B1C300788E1D /* ActiveHaikusTableViewCell.swift */; };
		F2BF11931D57B1C300788E1D /* ActiveHaikusTableViewCell.xib in Resources */ = {isa = PBXBuildFile; fileRef = F2BF11911D57B1C300788E1D /* ActiveHaikusTableViewCell.xib */; };
		F2BF11961D57B1D200788E1D /* CompletedHaikusTableViewCell.swift in Sources */ = {isa = PBXBuildFile; fileRef = F2BF11941D57B1D200788E1D /* CompletedHaikusTableViewCell.swift */; };
		F2BF11971D57B1D200788E1D /* CompletedHaikusTableViewCell.xib in Resources */ = {isa = PBXBuildFile; fileRef = F2BF11951D57B1D200788E1D /* CompletedHaikusTableViewCell.xib */; };
		F2C1A9EC1D36AA960063089F /* WelcomeViewController.swift in Sources */ = {isa = PBXBuildFile; fileRef = F2C1A9EA1D36AA960063089F /* WelcomeViewController.swift */; };
		F2C1A9ED1D36AA960063089F /* WelcomeViewController.xib in Resources */ = {isa = PBXBuildFile; fileRef = F2C1A9EB1D36AA960063089F /* WelcomeViewController.xib */; };
		F2C1A9F41D36C0C30063089F /* SignupViewController.swift in Sources */ = {isa = PBXBuildFile; fileRef = F2C1A9F21D36C0C30063089F /* SignupViewController.swift */; };
		F2C1A9F51D36C0C30063089F /* SignupViewController.xib in Resources */ = {isa = PBXBuildFile; fileRef = F2C1A9F31D36C0C30063089F /* SignupViewController.xib */; };
		F2C1A9F81D36D7960063089F /* BazarViewController.swift in Sources */ = {isa = PBXBuildFile; fileRef = F2C1A9F61D36D7960063089F /* BazarViewController.swift */; };
		F2C1A9F91D36D7960063089F /* BazarViewController.xib in Resources */ = {isa = PBXBuildFile; fileRef = F2C1A9F71D36D7960063089F /* BazarViewController.xib */; };
		F2C1A9FC1D36D7A60063089F /* StartViewController.swift in Sources */ = {isa = PBXBuildFile; fileRef = F2C1A9FA1D36D7A60063089F /* StartViewController.swift */; };
		F2C1A9FD1D36D7A60063089F /* StartViewController.xib in Resources */ = {isa = PBXBuildFile; fileRef = F2C1A9FB1D36D7A60063089F /* StartViewController.xib */; };
		F2C1AA001D36D7B80063089F /* FriendsViewController.swift in Sources */ = {isa = PBXBuildFile; fileRef = F2C1A9FE1D36D7B80063089F /* FriendsViewController.swift */; };
		F2C1AA011D36D7B80063089F /* FriendsViewController.xib in Resources */ = {isa = PBXBuildFile; fileRef = F2C1A9FF1D36D7B80063089F /* FriendsViewController.xib */; };
		F2C1AA041D36D7C90063089F /* InfoViewController.swift in Sources */ = {isa = PBXBuildFile; fileRef = F2C1AA021D36D7C90063089F /* InfoViewController.swift */; };
		F2C1AA051D36D7C90063089F /* InfoViewController.xib in Resources */ = {isa = PBXBuildFile; fileRef = F2C1AA031D36D7C90063089F /* InfoViewController.xib */; };
		F2D2DE4E1D6729DB0085B947 /* ActiveDetailViewController.swift in Sources */ = {isa = PBXBuildFile; fileRef = F2D2DE4C1D6729DB0085B947 /* ActiveDetailViewController.swift */; };
		F2D2DE4F1D6729DB0085B947 /* ActiveDetailViewController.xib in Resources */ = {isa = PBXBuildFile; fileRef = F2D2DE4D1D6729DB0085B947 /* ActiveDetailViewController.xib */; };
		F2D2DE521D6729F00085B947 /* CompletedDetailViewController.swift in Sources */ = {isa = PBXBuildFile; fileRef = F2D2DE501D6729F00085B947 /* CompletedDetailViewController.swift */; };
		F2D2DE531D6729F00085B947 /* CompletedDetailViewController.xib in Resources */ = {isa = PBXBuildFile; fileRef = F2D2DE511D6729F00085B947 /* CompletedDetailViewController.xib */; };
		F30DD226863A58B9A6B7772E /* Pods_KubazarTests.framework in Frameworks */ = {isa = PBXBuildFile; fileRef = D1C622D14510274C6504EBC6 /* Pods_KubazarTests.framework */; };
/* End PBXBuildFile section */

/* Begin PBXContainerItemProxy section */
		A67786771D086EEE0057581D /* PBXContainerItemProxy */ = {
			isa = PBXContainerItemProxy;
			containerPortal = A677865F1D086EEE0057581D /* Project object */;
			proxyType = 1;
			remoteGlobalIDString = A67786661D086EEE0057581D;
			remoteInfo = Kubazar;
		};
		A67786821D086EEE0057581D /* PBXContainerItemProxy */ = {
			isa = PBXContainerItemProxy;
			containerPortal = A677865F1D086EEE0057581D /* Project object */;
			proxyType = 1;
			remoteGlobalIDString = A67786661D086EEE0057581D;
			remoteInfo = Kubazar;
		};
/* End PBXContainerItemProxy section */

/* Begin PBXFileReference section */
		47ECFBFD0C92D96E4745C6A7 /* Pods-KubazarUITests.debug.xcconfig */ = {isa = PBXFileReference; includeInIndex = 1; lastKnownFileType = text.xcconfig; name = "Pods-KubazarUITests.debug.xcconfig"; path = "Pods/Target Support Files/Pods-KubazarUITests/Pods-KubazarUITests.debug.xcconfig"; sourceTree = "<group>"; };
		52F7AD396A1FD95293D22468 /* Pods-Kubazar.debug.xcconfig */ = {isa = PBXFileReference; includeInIndex = 1; lastKnownFileType = text.xcconfig; name = "Pods-Kubazar.debug.xcconfig"; path = "Pods/Target Support Files/Pods-Kubazar/Pods-Kubazar.debug.xcconfig"; sourceTree = "<group>"; };
		87573AB53594782A46B2CDE7 /* Pods-KubazarTests.debug.xcconfig */ = {isa = PBXFileReference; includeInIndex = 1; lastKnownFileType = text.xcconfig; name = "Pods-KubazarTests.debug.xcconfig"; path = "Pods/Target Support Files/Pods-KubazarTests/Pods-KubazarTests.debug.xcconfig"; sourceTree = "<group>"; };
		A67786671D086EEE0057581D /* Kubazar.app */ = {isa = PBXFileReference; explicitFileType = wrapper.application; includeInIndex = 0; path = Kubazar.app; sourceTree = BUILT_PRODUCTS_DIR; };
		A677866A1D086EEE0057581D /* AppDelegate.swift */ = {isa = PBXFileReference; lastKnownFileType = sourcecode.swift; path = AppDelegate.swift; sourceTree = "<group>"; };
		A677866C1D086EEE0057581D /* Assets.xcassets */ = {isa = PBXFileReference; lastKnownFileType = folder.assetcatalog; path = Assets.xcassets; sourceTree = "<group>"; };
		A677866F1D086EEE0057581D /* Base */ = {isa = PBXFileReference; lastKnownFileType = file.storyboard; name = Base; path = Base.lproj/LaunchScreen.storyboard; sourceTree = "<group>"; };
		A67786711D086EEE0057581D /* Info.plist */ = {isa = PBXFileReference; lastKnownFileType = text.plist.xml; path = Info.plist; sourceTree = "<group>"; };
		A67786761D086EEE0057581D /* KubazarTests.xctest */ = {isa = PBXFileReference; explicitFileType = wrapper.cfbundle; includeInIndex = 0; path = KubazarTests.xctest; sourceTree = BUILT_PRODUCTS_DIR; };
		A677867A1D086EEE0057581D /* KubazarTests.swift */ = {isa = PBXFileReference; lastKnownFileType = sourcecode.swift; path = KubazarTests.swift; sourceTree = "<group>"; };
		A677867C1D086EEE0057581D /* Info.plist */ = {isa = PBXFileReference; lastKnownFileType = text.plist.xml; path = Info.plist; sourceTree = "<group>"; };
		A67786811D086EEE0057581D /* KubazarUITests.xctest */ = {isa = PBXFileReference; explicitFileType = wrapper.cfbundle; includeInIndex = 0; path = KubazarUITests.xctest; sourceTree = BUILT_PRODUCTS_DIR; };
		A67786851D086EEE0057581D /* KubazarUITests.swift */ = {isa = PBXFileReference; lastKnownFileType = sourcecode.swift; path = KubazarUITests.swift; sourceTree = "<group>"; };
		A67786871D086EEE0057581D /* Info.plist */ = {isa = PBXFileReference; lastKnownFileType = text.plist.xml; path = Info.plist; sourceTree = "<group>"; };
		B5A179A604EC60815716572F /* Pods_KubazarUITests.framework */ = {isa = PBXFileReference; explicitFileType = wrapper.framework; includeInIndex = 0; path = Pods_KubazarUITests.framework; sourceTree = BUILT_PRODUCTS_DIR; };
		BAA9205D949A65B50995A170 /* Pods-Kubazar.release.xcconfig */ = {isa = PBXFileReference; includeInIndex = 1; lastKnownFileType = text.xcconfig; name = "Pods-Kubazar.release.xcconfig"; path = "Pods/Target Support Files/Pods-Kubazar/Pods-Kubazar.release.xcconfig"; sourceTree = "<group>"; };
		CF9460E9538604A3E89F69A5 /* Pods_Kubazar.framework */ = {isa = PBXFileReference; explicitFileType = wrapper.framework; includeInIndex = 0; path = Pods_Kubazar.framework; sourceTree = BUILT_PRODUCTS_DIR; };
		D1C622D14510274C6504EBC6 /* Pods_KubazarTests.framework */ = {isa = PBXFileReference; explicitFileType = wrapper.framework; includeInIndex = 0; path = Pods_KubazarTests.framework; sourceTree = BUILT_PRODUCTS_DIR; };
		EA1ABCD4F7A4EDB1AF70E173 /* Pods-KubazarTests.release.xcconfig */ = {isa = PBXFileReference; includeInIndex = 1; lastKnownFileType = text.xcconfig; name = "Pods-KubazarTests.release.xcconfig"; path = "Pods/Target Support Files/Pods-KubazarTests/Pods-KubazarTests.release.xcconfig"; sourceTree = "<group>"; };
		F252A5C51D13007700CBDFD2 /* FBSDKCoreKit.framework */ = {isa = PBXFileReference; lastKnownFileType = wrapper.framework; path = FBSDKCoreKit.framework; sourceTree = "<group>"; };
		F252A5C71D13008600CBDFD2 /* FBSDKLoginKit.framework */ = {isa = PBXFileReference; lastKnownFileType = wrapper.framework; path = FBSDKLoginKit.framework; sourceTree = "<group>"; };
		F252A5C91D13009300CBDFD2 /* FBSDKShareKit.framework */ = {isa = PBXFileReference; lastKnownFileType = wrapper.framework; path = FBSDKShareKit.framework; sourceTree = "<group>"; };
		F252A5CF1D13052000CBDFD2 /* FacebookLoginViewController.swift */ = {isa = PBXFileReference; fileEncoding = 4; lastKnownFileType = sourcecode.swift; name = FacebookLoginViewController.swift; path = ../FacebookLoginViewController.swift; sourceTree = "<group>"; };
		F252A5D71D14EA6200CBDFD2 /* StartGameViewController.swift */ = {isa = PBXFileReference; fileEncoding = 4; lastKnownFileType = sourcecode.swift; name = StartGameViewController.swift; path = ../StartGameViewController.swift; sourceTree = "<group>"; };
		F252A5D81D14EA6200CBDFD2 /* StartGameViewController.xib */ = {isa = PBXFileReference; fileEncoding = 4; lastKnownFileType = file.xib; name = StartGameViewController.xib; path = ../StartGameViewController.xib; sourceTree = "<group>"; };
		F25B561B1D35F0A600E4905B /* GoogleService-Info.plist */ = {isa = PBXFileReference; fileEncoding = 4; lastKnownFileType = text.plist.xml; path = "GoogleService-Info.plist"; sourceTree = "<group>"; };
		F27718241D40711000EBB668 /* ClientService.swift */ = {isa = PBXFileReference; fileEncoding = 4; lastKnownFileType = sourcecode.swift; path = ClientService.swift; sourceTree = "<group>"; };
		F27718261D41CC7800EBB668 /* Alerts.swift */ = {isa = PBXFileReference; fileEncoding = 4; lastKnownFileType = sourcecode.swift; path = Alerts.swift; sourceTree = "<group>"; };
		F27718281D41E0B100EBB668 /* User.swift */ = {isa = PBXFileReference; fileEncoding = 4; lastKnownFileType = sourcecode.swift; name = User.swift; path = ../User.swift; sourceTree = "<group>"; };
		F2BF11901D57B1C300788E1D /* ActiveHaikusTableViewCell.swift */ = {isa = PBXFileReference; fileEncoding = 4; lastKnownFileType = sourcecode.swift; path = ActiveHaikusTableViewCell.swift; sourceTree = "<group>"; };
		F2BF11911D57B1C300788E1D /* ActiveHaikusTableViewCell.xib */ = {isa = PBXFileReference; fileEncoding = 4; lastKnownFileType = file.xib; path = ActiveHaikusTableViewCell.xib; sourceTree = "<group>"; };
		F2BF11941D57B1D200788E1D /* CompletedHaikusTableViewCell.swift */ = {isa = PBXFileReference; fileEncoding = 4; lastKnownFileType = sourcecode.swift; path = CompletedHaikusTableViewCell.swift; sourceTree = "<group>"; };
		F2BF11951D57B1D200788E1D /* CompletedHaikusTableViewCell.xib */ = {isa = PBXFileReference; fileEncoding = 4; lastKnownFileType = file.xib; path = CompletedHaikusTableViewCell.xib; sourceTree = "<group>"; };
		F2C1A9EA1D36AA960063089F /* WelcomeViewController.swift */ = {isa = PBXFileReference; fileEncoding = 4; lastKnownFileType = sourcecode.swift; path = WelcomeViewController.swift; sourceTree = "<group>"; };
		F2C1A9EB1D36AA960063089F /* WelcomeViewController.xib */ = {isa = PBXFileReference; fileEncoding = 4; lastKnownFileType = file.xib; path = WelcomeViewController.xib; sourceTree = "<group>"; };
		F2C1A9F21D36C0C30063089F /* SignupViewController.swift */ = {isa = PBXFileReference; fileEncoding = 4; lastKnownFileType = sourcecode.swift; path = SignupViewController.swift; sourceTree = "<group>"; };
		F2C1A9F31D36C0C30063089F /* SignupViewController.xib */ = {isa = PBXFileReference; fileEncoding = 4; lastKnownFileType = file.xib; path = SignupViewController.xib; sourceTree = "<group>"; };
		F2C1A9F61D36D7960063089F /* BazarViewController.swift */ = {isa = PBXFileReference; fileEncoding = 4; lastKnownFileType = sourcecode.swift; path = BazarViewController.swift; sourceTree = "<group>"; };
		F2C1A9F71D36D7960063089F /* BazarViewController.xib */ = {isa = PBXFileReference; fileEncoding = 4; lastKnownFileType = file.xib; path = BazarViewController.xib; sourceTree = "<group>"; };
		F2C1A9FA1D36D7A60063089F /* StartViewController.swift */ = {isa = PBXFileReference; fileEncoding = 4; lastKnownFileType = sourcecode.swift; path = StartViewController.swift; sourceTree = "<group>"; };
		F2C1A9FB1D36D7A60063089F /* StartViewController.xib */ = {isa = PBXFileReference; fileEncoding = 4; lastKnownFileType = file.xib; path = StartViewController.xib; sourceTree = "<group>"; };
		F2C1A9FE1D36D7B80063089F /* FriendsViewController.swift */ = {isa = PBXFileReference; fileEncoding = 4; lastKnownFileType = sourcecode.swift; path = FriendsViewController.swift; sourceTree = "<group>"; };
		F2C1A9FF1D36D7B80063089F /* FriendsViewController.xib */ = {isa = PBXFileReference; fileEncoding = 4; lastKnownFileType = file.xib; path = FriendsViewController.xib; sourceTree = "<group>"; };
		F2C1AA021D36D7C90063089F /* InfoViewController.swift */ = {isa = PBXFileReference; fileEncoding = 4; lastKnownFileType = sourcecode.swift; path = InfoViewController.swift; sourceTree = "<group>"; };
		F2C1AA031D36D7C90063089F /* InfoViewController.xib */ = {isa = PBXFileReference; fileEncoding = 4; lastKnownFileType = file.xib; path = InfoViewController.xib; sourceTree = "<group>"; };
		F2D2DE4C1D6729DB0085B947 /* ActiveDetailViewController.swift */ = {isa = PBXFileReference; fileEncoding = 4; lastKnownFileType = sourcecode.swift; path = ActiveDetailViewController.swift; sourceTree = "<group>"; };
		F2D2DE4D1D6729DB0085B947 /* ActiveDetailViewController.xib */ = {isa = PBXFileReference; fileEncoding = 4; lastKnownFileType = file.xib; path = ActiveDetailViewController.xib; sourceTree = "<group>"; };
		F2D2DE501D6729F00085B947 /* CompletedDetailViewController.swift */ = {isa = PBXFileReference; fileEncoding = 4; lastKnownFileType = sourcecode.swift; path = CompletedDetailViewController.swift; sourceTree = "<group>"; };
		F2D2DE511D6729F00085B947 /* CompletedDetailViewController.xib */ = {isa = PBXFileReference; fileEncoding = 4; lastKnownFileType = file.xib; path = CompletedDetailViewController.xib; sourceTree = "<group>"; };
		FEAE5C54F8EDCB59DF8E46CB /* Pods-KubazarUITests.release.xcconfig */ = {isa = PBXFileReference; includeInIndex = 1; lastKnownFileType = text.xcconfig; name = "Pods-KubazarUITests.release.xcconfig"; path = "Pods/Target Support Files/Pods-KubazarUITests/Pods-KubazarUITests.release.xcconfig"; sourceTree = "<group>"; };
/* End PBXFileReference section */

/* Begin PBXFrameworksBuildPhase section */
		A67786641D086EEE0057581D /* Frameworks */ = {
			isa = PBXFrameworksBuildPhase;
			buildActionMask = 2147483647;
			files = (
				F252A5C81D13008600CBDFD2 /* FBSDKLoginKit.framework in Frameworks */,
				F252A5C61D13007700CBDFD2 /* FBSDKCoreKit.framework in Frameworks */,
				F252A5CA1D13009300CBDFD2 /* FBSDKShareKit.framework in Frameworks */,
				4F4AE252314831068139B7A1 /* Pods_Kubazar.framework in Frameworks */,
			);
			runOnlyForDeploymentPostprocessing = 0;
		};
		A67786731D086EEE0057581D /* Frameworks */ = {
			isa = PBXFrameworksBuildPhase;
			buildActionMask = 2147483647;
			files = (
				F30DD226863A58B9A6B7772E /* Pods_KubazarTests.framework in Frameworks */,
			);
			runOnlyForDeploymentPostprocessing = 0;
		};
		A677867E1D086EEE0057581D /* Frameworks */ = {
			isa = PBXFrameworksBuildPhase;
			buildActionMask = 2147483647;
			files = (
				58B66B74F42B32395A5B26D4 /* Pods_KubazarUITests.framework in Frameworks */,
			);
			runOnlyForDeploymentPostprocessing = 0;
		};
/* End PBXFrameworksBuildPhase section */

/* Begin PBXGroup section */
		A677865E1D086EEE0057581D = {
			isa = PBXGroup;
			children = (
				A67786691D086EEE0057581D /* Kubazar */,
				A67786791D086EEE0057581D /* KubazarTests */,
				A67786841D086EEE0057581D /* KubazarUITests */,
				A67786681D086EEE0057581D /* Products */,
				D4B9F4BAEB48FC0F6AB516F1 /* Pods */,
				F0E367E154D7FCCD4338DC6F /* Frameworks */,
			);
			sourceTree = "<group>";
		};
		A67786681D086EEE0057581D /* Products */ = {
			isa = PBXGroup;
			children = (
				A67786671D086EEE0057581D /* Kubazar.app */,
				A67786761D086EEE0057581D /* KubazarTests.xctest */,
				A67786811D086EEE0057581D /* KubazarUITests.xctest */,
			);
			name = Products;
			sourceTree = "<group>";
		};
		A67786691D086EEE0057581D /* Kubazar */ = {
			isa = PBXGroup;
			children = (
				F2D2DE4A1D6707EF0085B947 /* View Controllers */,
				F2D2DE4B1D67087E0085B947 /* Table View Cells */,
				F27718281D41E0B100EBB668 /* User.swift */,
				A677866A1D086EEE0057581D /* AppDelegate.swift */,
				F27718241D40711000EBB668 /* ClientService.swift */,
				F27718261D41CC7800EBB668 /* Alerts.swift */,
				A677866C1D086EEE0057581D /* Assets.xcassets */,
				A677866E1D086EEE0057581D /* LaunchScreen.storyboard */,
				A67786711D086EEE0057581D /* Info.plist */,
				F25B561B1D35F0A600E4905B /* GoogleService-Info.plist */,
				F25B56161D35E44A00E4905B /* Facebook */,
				F252A5C41D12FEDA00CBDFD2 /* Frameworks */,
			);
			path = Kubazar;
			sourceTree = "<group>";
		};
		A67786791D086EEE0057581D /* KubazarTests */ = {
			isa = PBXGroup;
			children = (
				A677867A1D086EEE0057581D /* KubazarTests.swift */,
				A677867C1D086EEE0057581D /* Info.plist */,
			);
			path = KubazarTests;
			sourceTree = "<group>";
		};
		A67786841D086EEE0057581D /* KubazarUITests */ = {
			isa = PBXGroup;
			children = (
				A67786851D086EEE0057581D /* KubazarUITests.swift */,
				A67786871D086EEE0057581D /* Info.plist */,
			);
			path = KubazarUITests;
			sourceTree = "<group>";
		};
		D4B9F4BAEB48FC0F6AB516F1 /* Pods */ = {
			isa = PBXGroup;
			children = (
				52F7AD396A1FD95293D22468 /* Pods-Kubazar.debug.xcconfig */,
				BAA9205D949A65B50995A170 /* Pods-Kubazar.release.xcconfig */,
				87573AB53594782A46B2CDE7 /* Pods-KubazarTests.debug.xcconfig */,
				EA1ABCD4F7A4EDB1AF70E173 /* Pods-KubazarTests.release.xcconfig */,
				47ECFBFD0C92D96E4745C6A7 /* Pods-KubazarUITests.debug.xcconfig */,
				FEAE5C54F8EDCB59DF8E46CB /* Pods-KubazarUITests.release.xcconfig */,
			);
			name = Pods;
			sourceTree = "<group>";
		};
		F0E367E154D7FCCD4338DC6F /* Frameworks */ = {
			isa = PBXGroup;
			children = (
				CF9460E9538604A3E89F69A5 /* Pods_Kubazar.framework */,
				D1C622D14510274C6504EBC6 /* Pods_KubazarTests.framework */,
				B5A179A604EC60815716572F /* Pods_KubazarUITests.framework */,
			);
			name = Frameworks;
			sourceTree = "<group>";
		};
		F252A5C41D12FEDA00CBDFD2 /* Frameworks */ = {
			isa = PBXGroup;
			children = (
				F252A5C91D13009300CBDFD2 /* FBSDKShareKit.framework */,
				F252A5C71D13008600CBDFD2 /* FBSDKLoginKit.framework */,
				F252A5C51D13007700CBDFD2 /* FBSDKCoreKit.framework */,
			);
			name = Frameworks;
			sourceTree = "<group>";
		};
		F25B56161D35E44A00E4905B /* Facebook */ = {
			isa = PBXGroup;
			children = (
				F252A5CF1D13052000CBDFD2 /* FacebookLoginViewController.swift */,
				F252A5D71D14EA6200CBDFD2 /* StartGameViewController.swift */,
				F252A5D81D14EA6200CBDFD2 /* StartGameViewController.xib */,
			);
			name = Facebook;
			sourceTree = "<group>";
		};
		F2D2DE4A1D6707EF0085B947 /* View Controllers */ = {
			isa = PBXGroup;
			children = (
				F2C1A9F21D36C0C30063089F /* SignupViewController.swift */,
				F2C1A9F31D36C0C30063089F /* SignupViewController.xib */,
				F2C1A9EA1D36AA960063089F /* WelcomeViewController.swift */,
				F2C1A9EB1D36AA960063089F /* WelcomeViewController.xib */,
				F2C1A9F61D36D7960063089F /* BazarViewController.swift */,
				F2C1A9F71D36D7960063089F /* BazarViewController.xib */,
				F2D2DE4C1D6729DB0085B947 /* ActiveDetailViewController.swift */,
				F2D2DE4D1D6729DB0085B947 /* ActiveDetailViewController.xib */,
				F2D2DE501D6729F00085B947 /* CompletedDetailViewController.swift */,
				F2D2DE511D6729F00085B947 /* CompletedDetailViewController.xib */,
				F2C1A9FA1D36D7A60063089F /* StartViewController.swift */,
				F2C1A9FB1D36D7A60063089F /* StartViewController.xib */,
				F2C1A9FE1D36D7B80063089F /* FriendsViewController.swift */,
				F2C1A9FF1D36D7B80063089F /* FriendsViewController.xib */,
				F2C1AA021D36D7C90063089F /* InfoViewController.swift */,
				F2C1AA031D36D7C90063089F /* InfoViewController.xib */,
			);
			name = "View Controllers";
			sourceTree = "<group>";
		};
		F2D2DE4B1D67087E0085B947 /* Table View Cells */ = {
			isa = PBXGroup;
			children = (
				F2BF11901D57B1C300788E1D /* ActiveHaikusTableViewCell.swift */,
				F2BF11911D57B1C300788E1D /* ActiveHaikusTableViewCell.xib */,
				F2BF11941D57B1D200788E1D /* CompletedHaikusTableViewCell.swift */,
				F2BF11951D57B1D200788E1D /* CompletedHaikusTableViewCell.xib */,
			);
			name = "Table View Cells";
			sourceTree = "<group>";
		};
/* End PBXGroup section */

/* Begin PBXNativeTarget section */
		A67786661D086EEE0057581D /* Kubazar */ = {
			isa = PBXNativeTarget;
			buildConfigurationList = A677868A1D086EEE0057581D /* Build configuration list for PBXNativeTarget "Kubazar" */;
			buildPhases = (
				D9CAB867CDFB087271355065 /* [CP] Check Pods Manifest.lock */,
				A67786631D086EEE0057581D /* Sources */,
				A67786641D086EEE0057581D /* Frameworks */,
				A67786651D086EEE0057581D /* Resources */,
				1D1CC0A39D20820C444AA8CC /* [CP] Embed Pods Frameworks */,
				C6A3FC3872596D62915B7009 /* [CP] Copy Pods Resources */,
			);
			buildRules = (
			);
			dependencies = (
			);
			name = Kubazar;
			productName = Kubazar;
			productReference = A67786671D086EEE0057581D /* Kubazar.app */;
			productType = "com.apple.product-type.application";
		};
		A67786751D086EEE0057581D /* KubazarTests */ = {
			isa = PBXNativeTarget;
			buildConfigurationList = A677868D1D086EEE0057581D /* Build configuration list for PBXNativeTarget "KubazarTests" */;
			buildPhases = (
				966AED073AC15E809A7EC8FE /* [CP] Check Pods Manifest.lock */,
				A67786721D086EEE0057581D /* Sources */,
				A67786731D086EEE0057581D /* Frameworks */,
				A67786741D086EEE0057581D /* Resources */,
				4731B47D257EAA1EBACA25F5 /* [CP] Embed Pods Frameworks */,
				771AA61C6F53AEBD0F1BB77C /* [CP] Copy Pods Resources */,
			);
			buildRules = (
			);
			dependencies = (
				A67786781D086EEE0057581D /* PBXTargetDependency */,
			);
			name = KubazarTests;
			productName = KubazarTests;
			productReference = A67786761D086EEE0057581D /* KubazarTests.xctest */;
			productType = "com.apple.product-type.bundle.unit-test";
		};
		A67786801D086EEE0057581D /* KubazarUITests */ = {
			isa = PBXNativeTarget;
			buildConfigurationList = A67786901D086EEE0057581D /* Build configuration list for PBXNativeTarget "KubazarUITests" */;
			buildPhases = (
				137F81AC7C2F6BEB95BB1BCE /* [CP] Check Pods Manifest.lock */,
				A677867D1D086EEE0057581D /* Sources */,
				A677867E1D086EEE0057581D /* Frameworks */,
				A677867F1D086EEE0057581D /* Resources */,
				E850555F5E8EDF89734623EE /* [CP] Copy Pods Resources */,
			);
			buildRules = (
			);
			dependencies = (
				A67786831D086EEE0057581D /* PBXTargetDependency */,
			);
			name = KubazarUITests;
			productName = KubazarUITests;
			productReference = A67786811D086EEE0057581D /* KubazarUITests.xctest */;
			productType = "com.apple.product-type.bundle.ui-testing";
		};
/* End PBXNativeTarget section */

/* Begin PBXProject section */
		A677865F1D086EEE0057581D /* Project object */ = {
			isa = PBXProject;
			attributes = {
				LastSwiftUpdateCheck = 0730;
				LastUpgradeCheck = 0730;
				ORGANIZATIONNAME = Jimsalabim;
				TargetAttributes = {
					A67786661D086EEE0057581D = {
						CreatedOnToolsVersion = 7.3.1;
					};
					A67786751D086EEE0057581D = {
						CreatedOnToolsVersion = 7.3.1;
						TestTargetID = A67786661D086EEE0057581D;
					};
					A67786801D086EEE0057581D = {
						CreatedOnToolsVersion = 7.3.1;
						TestTargetID = A67786661D086EEE0057581D;
					};
				};
			};
			buildConfigurationList = A67786621D086EEE0057581D /* Build configuration list for PBXProject "Kubazar" */;
			compatibilityVersion = "Xcode 3.2";
			developmentRegion = English;
			hasScannedForEncodings = 0;
			knownRegions = (
				en,
				Base,
			);
			mainGroup = A677865E1D086EEE0057581D;
			productRefGroup = A67786681D086EEE0057581D /* Products */;
			projectDirPath = "";
			projectRoot = "";
			targets = (
				A67786661D086EEE0057581D /* Kubazar */,
				A67786751D086EEE0057581D /* KubazarTests */,
				A67786801D086EEE0057581D /* KubazarUITests */,
			);
		};
/* End PBXProject section */

/* Begin PBXResourcesBuildPhase section */
		A67786651D086EEE0057581D /* Resources */ = {
			isa = PBXResourcesBuildPhase;
			buildActionMask = 2147483647;
			files = (
				F2BF11971D57B1D200788E1D /* CompletedHaikusTableViewCell.xib in Resources */,
				A677866D1D086EEE0057581D /* Assets.xcassets in Resources */,
				F25B561C1D35F0A600E4905B /* GoogleService-Info.plist in Resources */,
				F252A5DA1D14EA6200CBDFD2 /* StartGameViewController.xib in Resources */,
				A67786701D086EEE0057581D /* LaunchScreen.storyboard in Resources */,
				F2BF11931D57B1C300788E1D /* ActiveHaikusTableViewCell.xib in Resources */,
				F2D2DE4F1D6729DB0085B947 /* ActiveDetailViewController.xib in Resources */,
				F2C1A9F51D36C0C30063089F /* SignupViewController.xib in Resources */,
				F2C1A9FD1D36D7A60063089F /* StartViewController.xib in Resources */,
				F2C1A9F91D36D7960063089F /* BazarViewController.xib in Resources */,
				F2C1A9ED1D36AA960063089F /* WelcomeViewController.xib in Resources */,
				F2D2DE531D6729F00085B947 /* CompletedDetailViewController.xib in Resources */,
				F2C1AA051D36D7C90063089F /* InfoViewController.xib in Resources */,
				F2C1AA011D36D7B80063089F /* FriendsViewController.xib in Resources */,
			);
			runOnlyForDeploymentPostprocessing = 0;
		};
		A67786741D086EEE0057581D /* Resources */ = {
			isa = PBXResourcesBuildPhase;
			buildActionMask = 2147483647;
			files = (
			);
			runOnlyForDeploymentPostprocessing = 0;
		};
		A677867F1D086EEE0057581D /* Resources */ = {
			isa = PBXResourcesBuildPhase;
			buildActionMask = 2147483647;
			files = (
			);
			runOnlyForDeploymentPostprocessing = 0;
		};
/* End PBXResourcesBuildPhase section */

/* Begin PBXShellScriptBuildPhase section */
		137F81AC7C2F6BEB95BB1BCE /* [CP] Check Pods Manifest.lock */ = {
			isa = PBXShellScriptBuildPhase;
			buildActionMask = 2147483647;
			files = (
			);
			inputPaths = (
			);
			name = "[CP] Check Pods Manifest.lock";
			outputPaths = (
			);
			runOnlyForDeploymentPostprocessing = 0;
			shellPath = /bin/sh;
			shellScript = "diff \"${PODS_ROOT}/../Podfile.lock\" \"${PODS_ROOT}/Manifest.lock\" > /dev/null\nif [[ $? != 0 ]] ; then\n    cat << EOM\nerror: The sandbox is not in sync with the Podfile.lock. Run 'pod install' or update your CocoaPods installation.\nEOM\n    exit 1\nfi\n";
			showEnvVarsInLog = 0;
		};
		1D1CC0A39D20820C444AA8CC /* [CP] Embed Pods Frameworks */ = {
			isa = PBXShellScriptBuildPhase;
			buildActionMask = 2147483647;
			files = (
			);
			inputPaths = (
			);
			name = "[CP] Embed Pods Frameworks";
			outputPaths = (
			);
			runOnlyForDeploymentPostprocessing = 0;
			shellPath = /bin/sh;
			shellScript = "\"${SRCROOT}/Pods/Target Support Files/Pods-Kubazar/Pods-Kubazar-frameworks.sh\"\n";
			showEnvVarsInLog = 0;
		};
		4731B47D257EAA1EBACA25F5 /* [CP] Embed Pods Frameworks */ = {
			isa = PBXShellScriptBuildPhase;
			buildActionMask = 2147483647;
			files = (
			);
			inputPaths = (
			);
			name = "[CP] Embed Pods Frameworks";
			outputPaths = (
			);
			runOnlyForDeploymentPostprocessing = 0;
			shellPath = /bin/sh;
			shellScript = "\"${SRCROOT}/Pods/Target Support Files/Pods-KubazarTests/Pods-KubazarTests-frameworks.sh\"\n";
			showEnvVarsInLog = 0;
		};
		771AA61C6F53AEBD0F1BB77C /* [CP] Copy Pods Resources */ = {
			isa = PBXShellScriptBuildPhase;
			buildActionMask = 2147483647;
			files = (
			);
			inputPaths = (
			);
			name = "[CP] Copy Pods Resources";
			outputPaths = (
			);
			runOnlyForDeploymentPostprocessing = 0;
			shellPath = /bin/sh;
			shellScript = "\"${SRCROOT}/Pods/Target Support Files/Pods-KubazarTests/Pods-KubazarTests-resources.sh\"\n";
			showEnvVarsInLog = 0;
		};
		966AED073AC15E809A7EC8FE /* [CP] Check Pods Manifest.lock */ = {
			isa = PBXShellScriptBuildPhase;
			buildActionMask = 2147483647;
			files = (
			);
			inputPaths = (
			);
			name = "[CP] Check Pods Manifest.lock";
			outputPaths = (
			);
			runOnlyForDeploymentPostprocessing = 0;
			shellPath = /bin/sh;
			shellScript = "diff \"${PODS_ROOT}/../Podfile.lock\" \"${PODS_ROOT}/Manifest.lock\" > /dev/null\nif [[ $? != 0 ]] ; then\n    cat << EOM\nerror: The sandbox is not in sync with the Podfile.lock. Run 'pod install' or update your CocoaPods installation.\nEOM\n    exit 1\nfi\n";
			showEnvVarsInLog = 0;
		};
		C6A3FC3872596D62915B7009 /* [CP] Copy Pods Resources */ = {
			isa = PBXShellScriptBuildPhase;
			buildActionMask = 2147483647;
			files = (
			);
			inputPaths = (
			);
			name = "[CP] Copy Pods Resources";
			outputPaths = (
			);
			runOnlyForDeploymentPostprocessing = 0;
			shellPath = /bin/sh;
			shellScript = "\"${SRCROOT}/Pods/Target Support Files/Pods-Kubazar/Pods-Kubazar-resources.sh\"\n";
			showEnvVarsInLog = 0;
		};
		D9CAB867CDFB087271355065 /* [CP] Check Pods Manifest.lock */ = {
			isa = PBXShellScriptBuildPhase;
			buildActionMask = 2147483647;
			files = (
			);
			inputPaths = (
			);
			name = "[CP] Check Pods Manifest.lock";
			outputPaths = (
			);
			runOnlyForDeploymentPostprocessing = 0;
			shellPath = /bin/sh;
			shellScript = "diff \"${PODS_ROOT}/../Podfile.lock\" \"${PODS_ROOT}/Manifest.lock\" > /dev/null\nif [[ $? != 0 ]] ; then\n    cat << EOM\nerror: The sandbox is not in sync with the Podfile.lock. Run 'pod install' or update your CocoaPods installation.\nEOM\n    exit 1\nfi\n";
			showEnvVarsInLog = 0;
		};
		E850555F5E8EDF89734623EE /* [CP] Copy Pods Resources */ = {
			isa = PBXShellScriptBuildPhase;
			buildActionMask = 2147483647;
			files = (
			);
			inputPaths = (
			);
			name = "[CP] Copy Pods Resources";
			outputPaths = (
			);
			runOnlyForDeploymentPostprocessing = 0;
			shellPath = /bin/sh;
			shellScript = "\"${SRCROOT}/Pods/Target Support Files/Pods-KubazarUITests/Pods-KubazarUITests-resources.sh\"\n";
			showEnvVarsInLog = 0;
		};
/* End PBXShellScriptBuildPhase section */

/* Begin PBXSourcesBuildPhase section */
		A67786631D086EEE0057581D /* Sources */ = {
			isa = PBXSourcesBuildPhase;
			buildActionMask = 2147483647;
			files = (
				F2BF11921D57B1C300788E1D /* ActiveHaikusTableViewCell.swift in Sources */,
				F2C1AA001D36D7B80063089F /* FriendsViewController.swift in Sources */,
				F2C1A9F41D36C0C30063089F /* SignupViewController.swift in Sources */,
				F2C1A9FC1D36D7A60063089F /* StartViewController.swift in Sources */,
				F2C1A9EC1D36AA960063089F /* WelcomeViewController.swift in Sources */,
				F2D2DE521D6729F00085B947 /* CompletedDetailViewController.swift in Sources */,
				F27718251D40711000EBB668 /* ClientService.swift in Sources */,
				F2BF11961D57B1D200788E1D /* CompletedHaikusTableViewCell.swift in Sources */,
				F2C1AA041D36D7C90063089F /* InfoViewController.swift in Sources */,
				F2D2DE4E1D6729DB0085B947 /* ActiveDetailViewController.swift in Sources */,
				F252A5D11D13052000CBDFD2 /* FacebookLoginViewController.swift in Sources */,
				A677866B1D086EEE0057581D /* AppDelegate.swift in Sources */,
				F27718291D41E0B100EBB668 /* User.swift in Sources */,
				F252A5D91D14EA6200CBDFD2 /* StartGameViewController.swift in Sources */,
				F27718271D41CC7800EBB668 /* Alerts.swift in Sources */,
				F2C1A9F81D36D7960063089F /* BazarViewController.swift in Sources */,
			);
			runOnlyForDeploymentPostprocessing = 0;
		};
		A67786721D086EEE0057581D /* Sources */ = {
			isa = PBXSourcesBuildPhase;
			buildActionMask = 2147483647;
			files = (
				A677867B1D086EEE0057581D /* KubazarTests.swift in Sources */,
			);
			runOnlyForDeploymentPostprocessing = 0;
		};
		A677867D1D086EEE0057581D /* Sources */ = {
			isa = PBXSourcesBuildPhase;
			buildActionMask = 2147483647;
			files = (
				A67786861D086EEE0057581D /* KubazarUITests.swift in Sources */,
			);
			runOnlyForDeploymentPostprocessing = 0;
		};
/* End PBXSourcesBuildPhase section */

/* Begin PBXTargetDependency section */
		A67786781D086EEE0057581D /* PBXTargetDependency */ = {
			isa = PBXTargetDependency;
			target = A67786661D086EEE0057581D /* Kubazar */;
			targetProxy = A67786771D086EEE0057581D /* PBXContainerItemProxy */;
		};
		A67786831D086EEE0057581D /* PBXTargetDependency */ = {
			isa = PBXTargetDependency;
			target = A67786661D086EEE0057581D /* Kubazar */;
			targetProxy = A67786821D086EEE0057581D /* PBXContainerItemProxy */;
		};
/* End PBXTargetDependency section */

/* Begin PBXVariantGroup section */
		A677866E1D086EEE0057581D /* LaunchScreen.storyboard */ = {
			isa = PBXVariantGroup;
			children = (
				A677866F1D086EEE0057581D /* Base */,
			);
			name = LaunchScreen.storyboard;
			sourceTree = "<group>";
		};
/* End PBXVariantGroup section */

/* Begin XCBuildConfiguration section */
		A67786881D086EEE0057581D /* Debug */ = {
			isa = XCBuildConfiguration;
			buildSettings = {
				ALWAYS_SEARCH_USER_PATHS = NO;
				CLANG_ANALYZER_NONNULL = YES;
				CLANG_CXX_LANGUAGE_STANDARD = "gnu++0x";
				CLANG_CXX_LIBRARY = "libc++";
				CLANG_ENABLE_MODULES = YES;
				CLANG_ENABLE_OBJC_ARC = YES;
				CLANG_WARN_BOOL_CONVERSION = YES;
				CLANG_WARN_CONSTANT_CONVERSION = YES;
				CLANG_WARN_DIRECT_OBJC_ISA_USAGE = YES_ERROR;
				CLANG_WARN_EMPTY_BODY = YES;
				CLANG_WARN_ENUM_CONVERSION = YES;
				CLANG_WARN_INT_CONVERSION = YES;
				CLANG_WARN_OBJC_ROOT_CLASS = YES_ERROR;
				CLANG_WARN_UNREACHABLE_CODE = YES;
				CLANG_WARN__DUPLICATE_METHOD_MATCH = YES;
				"CODE_SIGN_IDENTITY[sdk=iphoneos*]" = "iPhone Developer";
				COPY_PHASE_STRIP = NO;
				DEBUG_INFORMATION_FORMAT = dwarf;
				ENABLE_STRICT_OBJC_MSGSEND = YES;
				ENABLE_TESTABILITY = YES;
				GCC_C_LANGUAGE_STANDARD = gnu99;
				GCC_DYNAMIC_NO_PIC = NO;
				GCC_NO_COMMON_BLOCKS = YES;
				GCC_OPTIMIZATION_LEVEL = 0;
				GCC_PREPROCESSOR_DEFINITIONS = (
					"DEBUG=1",
					"$(inherited)",
				);
				GCC_WARN_64_TO_32_BIT_CONVERSION = YES;
				GCC_WARN_ABOUT_RETURN_TYPE = YES_ERROR;
				GCC_WARN_UNDECLARED_SELECTOR = YES;
				GCC_WARN_UNINITIALIZED_AUTOS = YES_AGGRESSIVE;
				GCC_WARN_UNUSED_FUNCTION = YES;
				GCC_WARN_UNUSED_VARIABLE = YES;
				IPHONEOS_DEPLOYMENT_TARGET = 9.3;
				MTL_ENABLE_DEBUG_INFO = YES;
				ONLY_ACTIVE_ARCH = YES;
				SDKROOT = iphoneos;
				SWIFT_OPTIMIZATION_LEVEL = "-Onone";
				TARGETED_DEVICE_FAMILY = "1,2";
			};
			name = Debug;
		};
		A67786891D086EEE0057581D /* Release */ = {
			isa = XCBuildConfiguration;
			buildSettings = {
				ALWAYS_SEARCH_USER_PATHS = NO;
				CLANG_ANALYZER_NONNULL = YES;
				CLANG_CXX_LANGUAGE_STANDARD = "gnu++0x";
				CLANG_CXX_LIBRARY = "libc++";
				CLANG_ENABLE_MODULES = YES;
				CLANG_ENABLE_OBJC_ARC = YES;
				CLANG_WARN_BOOL_CONVERSION = YES;
				CLANG_WARN_CONSTANT_CONVERSION = YES;
				CLANG_WARN_DIRECT_OBJC_ISA_USAGE = YES_ERROR;
				CLANG_WARN_EMPTY_BODY = YES;
				CLANG_WARN_ENUM_CONVERSION = YES;
				CLANG_WARN_INT_CONVERSION = YES;
				CLANG_WARN_OBJC_ROOT_CLASS = YES_ERROR;
				CLANG_WARN_UNREACHABLE_CODE = YES;
				CLANG_WARN__DUPLICATE_METHOD_MATCH = YES;
				"CODE_SIGN_IDENTITY[sdk=iphoneos*]" = "iPhone Developer";
				COPY_PHASE_STRIP = NO;
				DEBUG_INFORMATION_FORMAT = "dwarf-with-dsym";
				ENABLE_NS_ASSERTIONS = NO;
				ENABLE_STRICT_OBJC_MSGSEND = YES;
				GCC_C_LANGUAGE_STANDARD = gnu99;
				GCC_NO_COMMON_BLOCKS = YES;
				GCC_WARN_64_TO_32_BIT_CONVERSION = YES;
				GCC_WARN_ABOUT_RETURN_TYPE = YES_ERROR;
				GCC_WARN_UNDECLARED_SELECTOR = YES;
				GCC_WARN_UNINITIALIZED_AUTOS = YES_AGGRESSIVE;
				GCC_WARN_UNUSED_FUNCTION = YES;
				GCC_WARN_UNUSED_VARIABLE = YES;
				IPHONEOS_DEPLOYMENT_TARGET = 9.3;
				MTL_ENABLE_DEBUG_INFO = NO;
				SDKROOT = iphoneos;
				TARGETED_DEVICE_FAMILY = "1,2";
				VALIDATE_PRODUCT = YES;
			};
			name = Release;
		};
		A677868B1D086EEE0057581D /* Debug */ = {
			isa = XCBuildConfiguration;
			baseConfigurationReference = 52F7AD396A1FD95293D22468 /* Pods-Kubazar.debug.xcconfig */;
			buildSettings = {
				ASSETCATALOG_COMPILER_APPICON_NAME = AppIcon;
				FRAMEWORK_SEARCH_PATHS = (
					"$(inherited)",
					"$(PROJECT_DIR)/Kubazar",
				);
				INFOPLIST_FILE = Kubazar/Info.plist;
				LD_RUNPATH_SEARCH_PATHS = "$(inherited) @executable_path/Frameworks";
				PRODUCT_BUNDLE_IDENTIFIER = com.Jimsalabim.Kubazar;
				PRODUCT_NAME = "$(TARGET_NAME)";
				TARGETED_DEVICE_FAMILY = "1,2";
			};
			name = Debug;
		};
		A677868C1D086EEE0057581D /* Release */ = {
			isa = XCBuildConfiguration;
			baseConfigurationReference = BAA9205D949A65B50995A170 /* Pods-Kubazar.release.xcconfig */;
			buildSettings = {
				ASSETCATALOG_COMPILER_APPICON_NAME = AppIcon;
				FRAMEWORK_SEARCH_PATHS = (
					"$(inherited)",
					"$(PROJECT_DIR)/Kubazar",
				);
				INFOPLIST_FILE = Kubazar/Info.plist;
				LD_RUNPATH_SEARCH_PATHS = "$(inherited) @executable_path/Frameworks";
				PRODUCT_BUNDLE_IDENTIFIER = com.Jimsalabim.Kubazar;
				PRODUCT_NAME = "$(TARGET_NAME)";
				TARGETED_DEVICE_FAMILY = "1,2";
			};
			name = Release;
		};
		A677868E1D086EEE0057581D /* Debug */ = {
			isa = XCBuildConfiguration;
			baseConfigurationReference = 87573AB53594782A46B2CDE7 /* Pods-KubazarTests.debug.xcconfig */;
			buildSettings = {
				BUNDLE_LOADER = "$(TEST_HOST)";
				INFOPLIST_FILE = KubazarTests/Info.plist;
				LD_RUNPATH_SEARCH_PATHS = "$(inherited) @executable_path/Frameworks @loader_path/Frameworks";
				PRODUCT_BUNDLE_IDENTIFIER = com.Jimsalabim.KubazarTests;
				PRODUCT_NAME = "$(TARGET_NAME)";
				TEST_HOST = "$(BUILT_PRODUCTS_DIR)/Kubazar.app/Kubazar";
			};
			name = Debug;
		};
		A677868F1D086EEE0057581D /* Release */ = {
			isa = XCBuildConfiguration;
			baseConfigurationReference = EA1ABCD4F7A4EDB1AF70E173 /* Pods-KubazarTests.release.xcconfig */;
			buildSettings = {
				BUNDLE_LOADER = "$(TEST_HOST)";
				INFOPLIST_FILE = KubazarTests/Info.plist;
				LD_RUNPATH_SEARCH_PATHS = "$(inherited) @executable_path/Frameworks @loader_path/Frameworks";
				PRODUCT_BUNDLE_IDENTIFIER = com.Jimsalabim.KubazarTests;
				PRODUCT_NAME = "$(TARGET_NAME)";
				TEST_HOST = "$(BUILT_PRODUCTS_DIR)/Kubazar.app/Kubazar";
			};
			name = Release;
		};
		A67786911D086EEE0057581D /* Debug */ = {
			isa = XCBuildConfiguration;
			baseConfigurationReference = 47ECFBFD0C92D96E4745C6A7 /* Pods-KubazarUITests.debug.xcconfig */;
			buildSettings = {
				INFOPLIST_FILE = KubazarUITests/Info.plist;
				LD_RUNPATH_SEARCH_PATHS = "$(inherited) @executable_path/Frameworks @loader_path/Frameworks";
				PRODUCT_BUNDLE_IDENTIFIER = com.Jimsalabim.KubazarUITests;
				PRODUCT_NAME = "$(TARGET_NAME)";
				TEST_TARGET_NAME = Kubazar;
			};
			name = Debug;
		};
		A67786921D086EEE0057581D /* Release */ = {
			isa = XCBuildConfiguration;
			baseConfigurationReference = FEAE5C54F8EDCB59DF8E46CB /* Pods-KubazarUITests.release.xcconfig */;
			buildSettings = {
				INFOPLIST_FILE = KubazarUITests/Info.plist;
				LD_RUNPATH_SEARCH_PATHS = "$(inherited) @executable_path/Frameworks @loader_path/Frameworks";
				PRODUCT_BUNDLE_IDENTIFIER = com.Jimsalabim.KubazarUITests;
				PRODUCT_NAME = "$(TARGET_NAME)";
				TEST_TARGET_NAME = Kubazar;
			};
			name = Release;
		};
/* End XCBuildConfiguration section */

/* Begin XCConfigurationList section */
		A67786621D086EEE0057581D /* Build configuration list for PBXProject "Kubazar" */ = {
			isa = XCConfigurationList;
			buildConfigurations = (
				A67786881D086EEE0057581D /* Debug */,
				A67786891D086EEE0057581D /* Release */,
			);
			defaultConfigurationIsVisible = 0;
			defaultConfigurationName = Release;
		};
		A677868A1D086EEE0057581D /* Build configuration list for PBXNativeTarget "Kubazar" */ = {
			isa = XCConfigurationList;
			buildConfigurations = (
				A677868B1D086EEE0057581D /* Debug */,
				A677868C1D086EEE0057581D /* Release */,
			);
			defaultConfigurationIsVisible = 0;
			defaultConfigurationName = Release;
		};
		A677868D1D086EEE0057581D /* Build configuration list for PBXNativeTarget "KubazarTests" */ = {
			isa = XCConfigurationList;
			buildConfigurations = (
				A677868E1D086EEE0057581D /* Debug */,
				A677868F1D086EEE0057581D /* Release */,
			);
			defaultConfigurationIsVisible = 0;
			defaultConfigurationName = Release;
		};
		A67786901D086EEE0057581D /* Build configuration list for PBXNativeTarget "KubazarUITests" */ = {
			isa = XCConfigurationList;
			buildConfigurations = (
				A67786911D086EEE0057581D /* Debug */,
				A67786921D086EEE0057581D /* Release */,
			);
			defaultConfigurationIsVisible = 0;
			defaultConfigurationName = Release;
		};
/* End XCConfigurationList section */
	};
	rootObject = A677865F1D086EEE0057581D /* Project object */;
}
